{
    "_readme": [
        "This file locks the dependencies of your project to a known state",
        "Read more about it at https://getcomposer.org/doc/01-basic-usage.md#installing-dependencies",
        "This file is @generated automatically"
    ],
    "content-hash": "6b6077bf73d0b6ca8665e30ffcc565db",
    "packages": [
        {
            "name": "ngframer/ngframer.php.exceptions",
            "version": "v2.1.0",
            "source": {
                "type": "git",
                "url": "https://github.com/ngframer/ngframer.php.exceptions.git",
                "reference": "51f7db9c748b66c7140a5c7cc7760c169627742a"
            },
            "dist": {
                "type": "zip",
                "url": "https://api.github.com/repos/ngframer/ngframer.php.exceptions/zipball/51f7db9c748b66c7140a5c7cc7760c169627742a",
                "reference": "51f7db9c748b66c7140a5c7cc7760c169627742a",
                "shasum": ""
            },
            "require": {
                "ext-json": "*"
            },
            "type": "library",
            "autoload": {
                "files": [],
                "psr-0": [],
                "psr-4": {
                    "NGFramer\\NGFramerPHPExceptions\\": ""
                },
                "classmap": [],
                "exclude-from-classmap": []
            },
            "notification-url": "https://packagist.org/downloads/",
            "license": [
                "MIT"
            ],
            "authors": [
                {
                    "name": "NG Framer",
                    "homepage": "https://github.com/ngframer"
                },
                {
                    "name": "Kishor Neupane",
                    "homepage": "https://github.com/neupkishor"
                }
            ],
            "description": "Exception and Exception handler for all the NGFramer projects and mostly used Exceptions and Exception handlers.",
            "support": {
                "issues": "https://github.com/ngframer/ngframer.php.exceptions/issues",
                "source": "https://github.com/ngframer/ngframer.php.exceptions/tree/v2.1.0"
            },
            "time": "2024-10-29T10:46:13+00:00"
        }
    ],
    "packages-dev": [],
    "aliases": [],
    "minimum-stability": "stable",
    "stability-flags": {},
    "prefer-stable": false,
    "prefer-lowest": false,
    "platform": {
        "ext-pdo": "*"
    },
    "platform-dev": {},
    "plugin-api-version": "2.6.0"
}
